{
  "name": "titan-website",
  "version": "1.0.0",
  "lockfileVersion": 3,
  "requires": true,
  "packages": {
    "": {
      "name": "titan-website",
      "version": "1.0.0",
      "license": "ISC",
      "dependencies": {
        "@11ty/eleventy": "^2.0.1"
      }
    }
  },
  "dependencies": {
    "@11ty/eleventy": {
      "version": "2.0.1",
      "resolved": "",
      "integrity": "",
      "dev": false
    }
  }
}
