{
  "name": "titan-website",
  "version": "1.0.0",
  "lockfileVersion": 3,
  "requires": true,
  "packages": {
    "": {
      "name": "titan-website",
      "version": "1.0.0",
      "license": "ISC",
      "dependencies": {
        "@quasibit/eleventy-plugin-sitemap": "^1.2.0"
      }
    }
  }
}
